
Microsoft Visual Studio Solution File, Format Version 12.00
# Visual Studio Version 16
VisualStudioVersion = 16.0.30804.86
MinimumVisualStudioVersion = 10.0.40219.1
Project("{9A19103F-16F7-4668-BE54-9A1E7A4F7556}") = "Turmiti", "Turmiti\Turmiti.csproj", "{57AA665A-92CC-481E-886A-8E45E4D25FE7}"
EndProject
Project("{9A19103F-16F7-4668-BE54-9A1E7A4F7556}") = "TurmitiEngine", "TurmitiEngine\TurmitiEngine.csproj", "{40CA2F94-8108-4EF9-B04B-EFAD589BFD1A}"
EndProject
Project("{9A19103F-16F7-4668-BE54-9A1E7A4F7556}") = "TurmitiGTK", "TurmitiGTK\TurmitiGTK.csproj", "{6E064476-0390-46E6-876C-B6E4391D409F}"
EndProject
Project("{9A19103F-16F7-4668-BE54-9A1E7A4F7556}") = "LifeEngine", "Life engine\LifeEngine.csproj", "{B796E94F-6AC7-4616-ADFF-AAA56215DF12}"
EndProject
Project("{9A19103F-16F7-4668-BE54-9A1E7A4F7556}") = "Life", "Life\Life.csproj", "{A304F125-9A75-40DE-96D4-94007F92CF5E}"
EndProject
Project("{9A19103F-16F7-4668-BE54-9A1E7A4F7556}") = "GTK_Common", "GTK_Common\GTK_Common.csproj", "{3958AB51-E83D-495E-86A1-35B05CEB6B2E}"
EndProject
Global
	GlobalSection(SolutionConfigurationPlatforms) = preSolution
		Debug|Any CPU = Debug|Any CPU
		Release|Any CPU = Release|Any CPU
	EndGlobalSection
	GlobalSection(ProjectConfigurationPlatforms) = postSolution
		{57AA665A-92CC-481E-886A-8E45E4D25FE7}.Debug|Any CPU.ActiveCfg = Debug|Any CPU
		{57AA665A-92CC-481E-886A-8E45E4D25FE7}.Debug|Any CPU.Build.0 = Debug|Any CPU
		{57AA665A-92CC-481E-886A-8E45E4D25FE7}.Release|Any CPU.ActiveCfg = Release|Any CPU
		{57AA665A-92CC-481E-886A-8E45E4D25FE7}.Release|Any CPU.Build.0 = Release|Any CPU
		{40CA2F94-8108-4EF9-B04B-EFAD589BFD1A}.Debug|Any CPU.ActiveCfg = Debug|Any CPU
		{40CA2F94-8108-4EF9-B04B-EFAD589BFD1A}.Debug|Any CPU.Build.0 = Debug|Any CPU
		{40CA2F94-8108-4EF9-B04B-EFAD589BFD1A}.Release|Any CPU.ActiveCfg = Release|Any CPU
		{40CA2F94-8108-4EF9-B04B-EFAD589BFD1A}.Release|Any CPU.Build.0 = Release|Any CPU
		{6E064476-0390-46E6-876C-B6E4391D409F}.Debug|Any CPU.ActiveCfg = Debug|Any CPU
		{6E064476-0390-46E6-876C-B6E4391D409F}.Debug|Any CPU.Build.0 = Debug|Any CPU
		{6E064476-0390-46E6-876C-B6E4391D409F}.Release|Any CPU.ActiveCfg = Release|Any CPU
		{6E064476-0390-46E6-876C-B6E4391D409F}.Release|Any CPU.Build.0 = Release|Any CPU
		{B796E94F-6AC7-4616-ADFF-AAA56215DF12}.Debug|Any CPU.ActiveCfg = Debug|Any CPU
		{B796E94F-6AC7-4616-ADFF-AAA56215DF12}.Debug|Any CPU.Build.0 = Debug|Any CPU
		{B796E94F-6AC7-4616-ADFF-AAA56215DF12}.Release|Any CPU.ActiveCfg = Release|Any CPU
		{B796E94F-6AC7-4616-ADFF-AAA56215DF12}.Release|Any CPU.Build.0 = Release|Any CPU
		{A304F125-9A75-40DE-96D4-94007F92CF5E}.Debug|Any CPU.ActiveCfg = Debug|Any CPU
		{A304F125-9A75-40DE-96D4-94007F92CF5E}.Debug|Any CPU.Build.0 = Debug|Any CPU
		{A304F125-9A75-40DE-96D4-94007F92CF5E}.Release|Any CPU.ActiveCfg = Release|Any CPU
		{A304F125-9A75-40DE-96D4-94007F92CF5E}.Release|Any CPU.Build.0 = Release|Any CPU
		{3958AB51-E83D-495E-86A1-35B05CEB6B2E}.Debug|Any CPU.ActiveCfg = Debug|Any CPU
		{3958AB51-E83D-495E-86A1-35B05CEB6B2E}.Debug|Any CPU.Build.0 = Debug|Any CPU
		{3958AB51-E83D-495E-86A1-35B05CEB6B2E}.Release|Any CPU.ActiveCfg = Release|Any CPU
		{3958AB51-E83D-495E-86A1-35B05CEB6B2E}.Release|Any CPU.Build.0 = Release|Any CPU
	EndGlobalSection
	GlobalSection(SolutionProperties) = preSolution
		HideSolutionNode = FALSE
	EndGlobalSection
	GlobalSection(ExtensibilityGlobals) = postSolution
		SolutionGuid = {B00346F5-5B67-44BC-994D-9C1CE82E3C70}
	EndGlobalSection
EndGlobal
